
Microsoft Visual Studio Solution File, Format Version 12.00
# Visual Studio 2012
Project("{FAE04EC0-301F-11D3-BF4B-00C04F79EFBC}") = "Random Circle", "Random Circle\Random Circle.csproj", "{5DD1B1B4-73F4-4B29-BCAB-349B2FDD5863}"
EndProject
Global
	GlobalSection(SolutionConfigurationPlatforms) = preSolution
		Debug|Any CPU = Debug|Any CPU
		Release|Any CPU = Release|Any CPU
	EndGlobalSection
	GlobalSection(ProjectConfigurationPlatforms) = postSolution
		{5DD1B1B4-73F4-4B29-BCAB-349B2FDD5863}.Debug|Any CPU.ActiveCfg = Debug|Any CPU
		{5DD1B1B4-73F4-4B29-BCAB-349B2FDD5863}.Debug|Any CPU.Build.0 = Debug|Any CPU
		{5DD1B1B4-73F4-4B29-BCAB-349B2FDD5863}.Release|Any CPU.ActiveCfg = Release|Any CPU
		{5DD1B1B4-73F4-4B29-BCAB-349B2FDD5863}.Release|Any CPU.Build.0 = Release|Any CPU
	EndGlobalSection
	GlobalSection(SolutionProperties) = preSolution
		HideSolutionNode = FALSE
	EndGlobalSection
EndGlobal
